// !$*UTF8*$!
{
	archiveVersion = 1;
	classes = {
	};
	objectVersion = 46;
	objects = {

/* Begin PBXBuildFile section */
		B46986341DAF656300C7E726 /* main.m in Sources */ = {isa = PBXBuildFile; fileRef = B46986331DAF656300C7E726 /* main.m */; };
		B46986371DAF656300C7E726 /* AppDelegate.m in Sources */ = {isa = PBXBuildFile; fileRef = B46986361DAF656300C7E726 /* AppDelegate.m */; };
		B469863A1DAF656300C7E726 /* ViewController.m in Sources */ = {isa = PBXBuildFile; fileRef = B46986391DAF656300C7E726 /* ViewController.m */; };
		B469863D1DAF656300C7E726 /* Main.storyboard in Resources */ = {isa = PBXBuildFile; fileRef = B469863B1DAF656300C7E726 /* Main.storyboard */; };
		B469863F1DAF656300C7E726 /* Assets.xcassets in Resources */ = {isa = PBXBuildFile; fileRef = B469863E1DAF656300C7E726 /* Assets.xcassets */; };
		B46986421DAF656300C7E726 /* LaunchScreen.storyboard in Resources */ = {isa = PBXBuildFile; fileRef = B46986401DAF656300C7E726 /* LaunchScreen.storyboard */; };
		B469864D1DAF656300C7E726 /* QMJoyStickTests.m in Sources */ = {isa = PBXBuildFile; fileRef = B469864C1DAF656300C7E726 /* QMJoyStickTests.m */; };
		B46986581DAF656300C7E726 /* QMJoyStickUITests.m in Sources */ = {isa = PBXBuildFile; fileRef = B46986571DAF656300C7E726 /* QMJoyStickUITests.m */; };
		B46986681DAF65BD00C7E726 /* QMJoyStick.m in Sources */ = {isa = PBXBuildFile; fileRef = B46986671DAF65BD00C7E726 /* QMJoyStick.m */; };
		B469866A1DAF669900C7E726 /* stick_normal.png in Resources */ = {isa = PBXBuildFile; fileRef = B46986691DAF669900C7E726 /* stick_normal.png */; };
/* End PBXBuildFile section */

/* Begin PBXContainerItemProxy section */
		B46986491DAF656300C7E726 /* PBXContainerItemProxy */ = {
			isa = PBXContainerItemProxy;
			containerPortal = B46986271DAF656300C7E726 /* Project object */;
			proxyType = 1;
			remoteGlobalIDString = B469862E1DAF656300C7E726;
			remoteInfo = QMJoyStick;
		};
		B46986541DAF656300C7E726 /* PBXContainerItemProxy */ = {
			isa = PBXContainerItemProxy;
			containerPortal = B46986271DAF656300C7E726 /* Project object */;
			proxyType = 1;
			remoteGlobalIDString = B469862E1DAF656300C7E726;
			remoteInfo = QMJoyStick;
		};
/* End PBXContainerItemProxy section */

/* Begin PBXFileReference section */
		B469862F1DAF656300C7E726 /* QMJoyStick.app */ = {isa = PBXFileReference; explicitFileType = wrapper.application; includeInIndex = 0; path = QMJoyStick.app; sourceTree = BUILT_PRODUCTS_DIR; };
		B46986331DAF656300C7E726 /* main.m */ = {isa = PBXFileReference; lastKnownFileType = sourcecode.c.objc; path = main.m; sourceTree = "<group>"; };
		B46986351DAF656300C7E726 /* AppDelegate.h */ = {isa = PBXFileReference; lastKnownFileType = sourcecode.c.h; path = AppDelegate.h; sourceTree = "<group>"; };
		B46986361DAF656300C7E726 /* AppDelegate.m */ = {isa = PBXFileReference; lastKnownFileType = sourcecode.c.objc; path = AppDelegate.m; sourceTree = "<group>"; };
		B46986381DAF656300C7E726 /* ViewController.h */ = {isa = PBXFileReference; lastKnownFileType = sourcecode.c.h; path = ViewController.h; sourceTree = "<group>"; };
		B46986391DAF656300C7E726 /* ViewController.m */ = {isa = PBXFileReference; lastKnownFileType = sourcecode.c.objc; path = ViewController.m; sourceTree = "<group>"; };
		B469863C1DAF656300C7E726 /* Base */ = {isa = PBXFileReference; lastKnownFileType = file.storyboard; name = Base; path = Base.lproj/Main.storyboard; sourceTree = "<group>"; };
		B469863E1DAF656300C7E726 /* Assets.xcassets */ = {isa = PBXFileReference; lastKnownFileType = folder.assetcatalog; path = Assets.xcassets; sourceTree = "<group>"; };
		B46986411DAF656300C7E726 /* Base */ = {isa = PBXFileReference; lastKnownFileType = file.storyboard; name = Base; path = Base.lproj/LaunchScreen.storyboard; sourceTree = "<group>"; };
		B46986431DAF656300C7E726 /* Info.plist */ = {isa = PBXFileReference; lastKnownFileType = text.plist.xml; path = Info.plist; sourceTree = "<group>"; };
		B46986481DAF656300C7E726 /* QMJoyStickTests.xctest */ = {isa = PBXFileReference; explicitFileType = wrapper.cfbundle; includeInIndex = 0; path = QMJoyStickTests.xctest; sourceTree = BUILT_PRODUCTS_DIR; };
		B469864C1DAF656300C7E726 /* QMJoyStickTests.m */ = {isa = PBXFileReference; lastKnownFileType = sourcecode.c.objc; path = QMJoyStickTests.m; sourceTree = "<group>"; };
		B469864E1DAF656300C7E726 /* Info.plist */ = {isa = PBXFileReference; lastKnownFileType = text.plist.xml; path = Info.plist; sourceTree = "<group>"; };
		B46986531DAF656300C7E726 /* QMJoyStickUITests.xctest */ = {isa = PBXFileReference; explicitFileType = wrapper.cfbundle; includeInIndex = 0; path = QMJoyStickUITests.xctest; sourceTree = BUILT_PRODUCTS_DIR; };
		B46986571DAF656300C7E726 /* QMJoyStickUITests.m */ = {isa = PBXFileReference; lastKnownFileType = sourcecode.c.objc; path = QMJoyStickUITests.m; sourceTree = "<group>"; };
		B46986591DAF656300C7E726 /* Info.plist */ = {isa = PBXFileReference; lastKnownFileType = text.plist.xml; path = Info.plist; sourceTree = "<group>"; };
		B46986661DAF65BD00C7E726 /* QMJoyStick.h */ = {isa = PBXFileReference; fileEncoding = 4; lastKnownFileType = sourcecode.c.h; path = QMJoyStick.h; sourceTree = "<group>"; };
		B46986671DAF65BD00C7E726 /* QMJoyStick.m */ = {isa = PBXFileReference; fileEncoding = 4; lastKnownFileType = sourcecode.c.objc; path = QMJoyStick.m; sourceTree = "<group>"; };
		B46986691DAF669900C7E726 /* stick_normal.png */ = {isa = PBXFileReference; lastKnownFileType = image.png; path = stick_normal.png; sourceTree = "<group>"; };
/* End PBXFileReference section */

/* Begin PBXFrameworksBuildPhase section */
		B469862C1DAF656300C7E726 /* Frameworks */ = {
			isa = PBXFrameworksBuildPhase;
			buildActionMask = 2147483647;
			files = (
			);
			runOnlyForDeploymentPostprocessing = 0;
		};
		B46986451DAF656300C7E726 /* Frameworks */ = {
			isa = PBXFrameworksBuildPhase;
			buildActionMask = 2147483647;
			files = (
			);
			runOnlyForDeploymentPostprocessing = 0;
		};
		B46986501DAF656300C7E726 /* Frameworks */ = {
			isa = PBXFrameworksBuildPhase;
			buildActionMask = 2147483647;
			files = (
			);
			runOnlyForDeploymentPostprocessing = 0;
		};
/* End PBXFrameworksBuildPhase section */

/* Begin PBXGroup section */
		B46986261DAF656300C7E726 = {
			isa = PBXGroup;
			children = (
				B46986311DAF656300C7E726 /* QMJoyStick */,
				B469864B1DAF656300C7E726 /* QMJoyStickTests */,
				B46986561DAF656300C7E726 /* QMJoyStickUITests */,
				B46986301DAF656300C7E726 /* Products */,
			);
			sourceTree = "<group>";
		};
		B46986301DAF656300C7E726 /* Products */ = {
			isa = PBXGroup;
			children = (
				B469862F1DAF656300C7E726 /* QMJoyStick.app */,
				B46986481DAF656300C7E726 /* QMJoyStickTests.xctest */,
				B46986531DAF656300C7E726 /* QMJoyStickUITests.xctest */,
			);
			name = Products;
			sourceTree = "<group>";
		};
		B46986311DAF656300C7E726 /* QMJoyStick */ = {
			isa = PBXGroup;
			children = (
				B46986651DAF657F00C7E726 /* QMJoyStick */,
				B46986351DAF656300C7E726 /* AppDelegate.h */,
				B46986361DAF656300C7E726 /* AppDelegate.m */,
				B46986381DAF656300C7E726 /* ViewController.h */,
				B46986391DAF656300C7E726 /* ViewController.m */,
				B469863B1DAF656300C7E726 /* Main.storyboard */,
				B469863E1DAF656300C7E726 /* Assets.xcassets */,
				B46986401DAF656300C7E726 /* LaunchScreen.storyboard */,
				B46986431DAF656300C7E726 /* Info.plist */,
				B46986321DAF656300C7E726 /* Supporting Files */,
			);
			path = QMJoyStick;
			sourceTree = "<group>";
		};
		B46986321DAF656300C7E726 /* Supporting Files */ = {
			isa = PBXGroup;
			children = (
				B46986331DAF656300C7E726 /* main.m */,
			);
			name = "Supporting Files";
			sourceTree = "<group>";
		};
		B469864B1DAF656300C7E726 /* QMJoyStickTests */ = {
			isa = PBXGroup;
			children = (
				B469864C1DAF656300C7E726 /* QMJoyStickTests.m */,
				B469864E1DAF656300C7E726 /* Info.plist */,
			);
			path = QMJoyStickTests;
			sourceTree = "<group>";
		};
		B46986561DAF656300C7E726 /* QMJoyStickUITests */ = {
			isa = PBXGroup;
			children = (
				B46986571DAF656300C7E726 /* QMJoyStickUITests.m */,
				B46986591DAF656300C7E726 /* Info.plist */,
			);
			path = QMJoyStickUITests;
			sourceTree = "<group>";
		};
		B46986651DAF657F00C7E726 /* QMJoyStick */ = {
			isa = PBXGroup;
			children = (
				B46986691DAF669900C7E726 /* stick_normal.png */,
				B46986661DAF65BD00C7E726 /* QMJoyStick.h */,
				B46986671DAF65BD00C7E726 /* QMJoyStick.m */,
			);
			path = QMJoyStick;
			sourceTree = "<group>";
		};
/* End PBXGroup section */

/* Begin PBXNativeTarget section */
		B469862E1DAF656300C7E726 /* QMJoyStick */ = {
			isa = PBXNativeTarget;
			buildConfigurationList = B469865C1DAF656300C7E726 /* Build configuration list for PBXNativeTarget "QMJoyStick" */;
			buildPhases = (
				B469862B1DAF656300C7E726 /* Sources */,
				B469862C1DAF656300C7E726 /* Frameworks */,
				B469862D1DAF656300C7E726 /* Resources */,
			);
			buildRules = (
			);
			dependencies = (
			);
			name = QMJoyStick;
			productName = QMJoyStick;
			productReference = B469862F1DAF656300C7E726 /* QMJoyStick.app */;
			productType = "com.apple.product-type.application";
		};
		B46986471DAF656300C7E726 /* QMJoyStickTests */ = {
			isa = PBXNativeTarget;
			buildConfigurationList = B469865F1DAF656300C7E726 /* Build configuration list for PBXNativeTarget "QMJoyStickTests" */;
			buildPhases = (
				B46986441DAF656300C7E726 /* Sources */,
				B46986451DAF656300C7E726 /* Frameworks */,
				B46986461DAF656300C7E726 /* Resources */,
			);
			buildRules = (
			);
			dependencies = (
				B469864A1DAF656300C7E726 /* PBXTargetDependency */,
			);
			name = QMJoyStickTests;
			productName = QMJoyStickTests;
			productReference = B46986481DAF656300C7E726 /* QMJoyStickTests.xctest */;
			productType = "com.apple.product-type.bundle.unit-test";
		};
		B46986521DAF656300C7E726 /* QMJoyStickUITests */ = {
			isa = PBXNativeTarget;
			buildConfigurationList = B46986621DAF656300C7E726 /* Build configuration list for PBXNativeTarget "QMJoyStickUITests" */;
			buildPhases = (
				B469864F1DAF656300C7E726 /* Sources */,
				B46986501DAF656300C7E726 /* Frameworks */,
				B46986511DAF656300C7E726 /* Resources */,
			);
			buildRules = (
			);
			dependencies = (
				B46986551DAF656300C7E726 /* PBXTargetDependency */,
			);
			name = QMJoyStickUITests;
			productName = QMJoyStickUITests;
			productReference = B46986531DAF656300C7E726 /* QMJoyStickUITests.xctest */;
			productType = "com.apple.product-type.bundle.ui-testing";
		};
/* End PBXNativeTarget section */

/* Begin PBXProject section */
		B46986271DAF656300C7E726 /* Project object */ = {
			isa = PBXProject;
			attributes = {
				LastUpgradeCheck = 0800;
				ORGANIZATIONNAME = metthew;
				TargetAttributes = {
					B469862E1DAF656300C7E726 = {
						CreatedOnToolsVersion = 8.0;
						ProvisioningStyle = Automatic;
					};
					B46986471DAF656300C7E726 = {
						CreatedOnToolsVersion = 8.0;
						ProvisioningStyle = Automatic;
						TestTargetID = B469862E1DAF656300C7E726;
					};
					B46986521DAF656300C7E726 = {
						CreatedOnToolsVersion = 8.0;
						ProvisioningStyle = Automatic;
						TestTargetID = B469862E1DAF656300C7E726;
					};
				};
			};
			buildConfigurationList = B469862A1DAF656300C7E726 /* Build configuration list for PBXProject "QMJoyStick" */;
			compatibilityVersion = "Xcode 3.2";
			developmentRegion = English;
			hasScannedForEncodings = 0;
			knownRegions = (
				en,
				Base,
			);
			mainGroup = B46986261DAF656300C7E726;
			productRefGroup = B46986301DAF656300C7E726 /* Products */;
			projectDirPath = "";
			projectRoot = "";
			targets = (
				B469862E1DAF656300C7E726 /* QMJoyStick */,
				B46986471DAF656300C7E726 /* QMJoyStickTests */,
				B46986521DAF656300C7E726 /* QMJoyStickUITests */,
			);
		};
/* End PBXProject section */

/* Begin PBXResourcesBuildPhase section */
		B469862D1DAF656300C7E726 /* Resources */ = {
			isa = PBXResourcesBuildPhase;
			buildActionMask = 2147483647;
			files = (
				B46986421DAF656300C7E726 /* LaunchScreen.storyboard in Resources */,
				B469866A1DAF669900C7E726 /* stick_normal.png in Resources */,
				B469863F1DAF656300C7E726 /* Assets.xcassets in Resources */,
				B469863D1DAF656300C7E726 /* Main.storyboard in Resources */,
			);
			runOnlyForDeploymentPostprocessing = 0;
		};
		B46986461DAF656300C7E726 /* Resources */ = {
			isa = PBXResourcesBuildPhase;
			buildActionMask = 2147483647;
			files = (
			);
			runOnlyForDeploymentPostprocessing = 0;
		};
		B46986511DAF656300C7E726 /* Resources */ = {
			isa = PBXResourcesBuildPhase;
			buildActionMask = 2147483647;
			files = (
			);
			runOnlyForDeploymentPostprocessing = 0;
		};
/* End PBXResourcesBuildPhase section */

/* Begin PBXSourcesBuildPhase section */
		B469862B1DAF656300C7E726 /* Sources */ = {
			isa = PBXSourcesBuildPhase;
			buildActionMask = 2147483647;
			files = (
				B469863A1DAF656300C7E726 /* ViewController.m in Sources */,
				B46986681DAF65BD00C7E726 /* QMJoyStick.m in Sources */,
				B46986371DAF656300C7E726 /* AppDelegate.m in Sources */,
				B46986341DAF656300C7E726 /* main.m in Sources */,
			);
			runOnlyForDeploymentPostprocessing = 0;
		};
		B46986441DAF656300C7E726 /* Sources */ = {
			isa = PBXSourcesBuildPhase;
			buildActionMask = 2147483647;
			files = (
				B469864D1DAF656300C7E726 /* QMJoyStickTests.m in Sources */,
			);
			runOnlyForDeploymentPostprocessing = 0;
		};
		B469864F1DAF656300C7E726 /* Sources */ = {
			isa = PBXSourcesBuildPhase;
			buildActionMask = 2147483647;
			files = (
				B46986581DAF656300C7E726 /* QMJoyStickUITests.m in Sources */,
			);
			runOnlyForDeploymentPostprocessing = 0;
		};
/* End PBXSourcesBuildPhase section */

/* Begin PBXTargetDependency section */
		B469864A1DAF656300C7E726 /* PBXTargetDependency */ = {
			isa = PBXTargetDependency;
			target = B469862E1DAF656300C7E726 /* QMJoyStick */;
			targetProxy = B46986491DAF656300C7E726 /* PBXContainerItemProxy */;
		};
		B46986551DAF656300C7E726 /* PBXTargetDependency */ = {
			isa = PBXTargetDependency;
			target = B469862E1DAF656300C7E726 /* QMJoyStick */;
			targetProxy = B46986541DAF656300C7E726 /* PBXContainerItemProxy */;
		};
/* End PBXTargetDependency section */

/* Begin PBXVariantGroup section */
		B469863B1DAF656300C7E726 /* Main.storyboard */ = {
			isa = PBXVariantGroup;
			children = (
				B469863C1DAF656300C7E726 /* Base */,
			);
			name = Main.storyboard;
			sourceTree = "<group>";
		};
		B46986401DAF656300C7E726 /* LaunchScreen.storyboard */ = {
			isa = PBXVariantGroup;
			children = (
				B46986411DAF656300C7E726 /* Base */,
			);
			name = LaunchScreen.storyboard;
			sourceTree = "<group>";
		};
/* End PBXVariantGroup section */

/* Begin XCBuildConfiguration section */
		B469865A1DAF656300C7E726 /* Debug */ = {
			isa = XCBuildConfiguration;
			buildSettings = {
				ALWAYS_SEARCH_USER_PATHS = NO;
				CLANG_ANALYZER_NONNULL = YES;
				CLANG_CXX_LANGUAGE_STANDARD = "gnu++0x";
				CLANG_CXX_LIBRARY = "libc++";
				CLANG_ENABLE_MODULES = YES;
				CLANG_ENABLE_OBJC_ARC = YES;
				CLANG_WARN_BOOL_CONVERSION = YES;
				CLANG_WARN_CONSTANT_CONVERSION = YES;
				CLANG_WARN_DIRECT_OBJC_ISA_USAGE = YES_ERROR;
				CLANG_WARN_DOCUMENTATION_COMMENTS = YES;
				CLANG_WARN_EMPTY_BODY = YES;
				CLANG_WARN_ENUM_CONVERSION = YES;
				CLANG_WARN_INFINITE_RECURSION = YES;
				CLANG_WARN_INT_CONVERSION = YES;
				CLANG_WARN_OBJC_ROOT_CLASS = YES_ERROR;
				CLANG_WARN_SUSPICIOUS_MOVES = YES;
				CLANG_WARN_UNREACHABLE_CODE = YES;
				CLANG_WARN__DUPLICATE_METHOD_MATCH = YES;
				"CODE_SIGN_IDENTITY[sdk=iphoneos*]" = "iPhone Developer";
				COPY_PHASE_STRIP = NO;
				DEBUG_INFORMATION_FORMAT = dwarf;
				ENABLE_STRICT_OBJC_MSGSEND = YES;
				ENABLE_TESTABILITY = YES;
				GCC_C_LANGUAGE_STANDARD = gnu99;
				GCC_DYNAMIC_NO_PIC = NO;
				GCC_NO_COMMON_BLOCKS = YES;
				GCC_OPTIMIZATION_LEVEL = 0;
				GCC_PREPROCESSOR_DEFINITIONS = (
					"DEBUG=1",
					"$(inherited)",
				);
				GCC_WARN_64_TO_32_BIT_CONVERSION = YES;
				GCC_WARN_ABOUT_RETURN_TYPE = YES_ERROR;
				GCC_WARN_UNDECLARED_SELECTOR = YES;
				GCC_WARN_UNINITIALIZED_AUTOS = YES_AGGRESSIVE;
				GCC_WARN_UNUSED_FUNCTION = YES;
				GCC_WARN_UNUSED_VARIABLE = YES;
				IPHONEOS_DEPLOYMENT_TARGET = 10.0;
				MTL_ENABLE_DEBUG_INFO = YES;
				ONLY_ACTIVE_ARCH = YES;
				SDKROOT = iphoneos;
				TARGETED_DEVICE_FAMILY = "1,2";
			};
			name = Debug;
		};
		B469865B1DAF656300C7E726 /* Release */ = {
			isa = XCBuildConfiguration;
			buildSettings = {
				ALWAYS_SEARCH_USER_PATHS = NO;
				CLANG_ANALYZER_NONNULL = YES;
				CLANG_CXX_LANGUAGE_STANDARD = "gnu++0x";
				CLANG_CXX_LIBRARY = "libc++";
				CLANG_ENABLE_MODULES = YES;
				CLANG_ENABLE_OBJC_ARC = YES;
				CLANG_WARN_BOOL_CONVERSION = YES;
				CLANG_WARN_CONSTANT_CONVERSION = YES;
				CLANG_WARN_DIRECT_OBJC_ISA_USAGE = YES_ERROR;
				CLANG_WARN_DOCUMENTATION_COMMENTS = YES;
				CLANG_WARN_EMPTY_BODY = YES;
				CLANG_WARN_ENUM_CONVERSION = YES;
				CLANG_WARN_INFINITE_RECURSION = YES;
				CLANG_WARN_INT_CONVERSION = YES;
				CLANG_WARN_OBJC_ROOT_CLASS = YES_ERROR;
				CLANG_WARN_SUSPICIOUS_MOVES = YES;
				CLANG_WARN_UNREACHABLE_CODE = YES;
				CLANG_WARN__DUPLICATE_METHOD_MATCH = YES;
				"CODE_SIGN_IDENTITY[sdk=iphoneos*]" = "iPhone Developer";
				COPY_PHASE_STRIP = NO;
				DEBUG_INFORMATION_FORMAT = "dwarf-with-dsym";
				ENABLE_NS_ASSERTIONS = NO;
				ENABLE_STRICT_OBJC_MSGSEND = YES;
				GCC_C_LANGUAGE_STANDARD = gnu99;
				GCC_NO_COMMON_BLOCKS = YES;
				GCC_WARN_64_TO_32_BIT_CONVERSION = YES;
				GCC_WARN_ABOUT_RETURN_TYPE = YES_ERROR;
				GCC_WARN_UNDECLARED_SELECTOR = YES;
				GCC_WARN_UNINITIALIZED_AUTOS = YES_AGGRESSIVE;
				GCC_WARN_UNUSED_FUNCTION = YES;
				GCC_WARN_UNUSED_VARIABLE = YES;
				IPHONEOS_DEPLOYMENT_TARGET = 10.0;
				MTL_ENABLE_DEBUG_INFO = NO;
				SDKROOT = iphoneos;
				TARGETED_DEVICE_FAMILY = "1,2";
				VALIDATE_PRODUCT = YES;
			};
			name = Release;
		};
		B469865D1DAF656300C7E726 /* Debug */ = {
			isa = XCBuildConfiguration;
			buildSettings = {
				ASSETCATALOG_COMPILER_APPICON_NAME = AppIcon;
				INFOPLIST_FILE = QMJoyStick/Info.plist;
				LD_RUNPATH_SEARCH_PATHS = "$(inherited) @executable_path/Frameworks";
				PRODUCT_BUNDLE_IDENTIFIER = com.metthew.QMJoyStick;
				PRODUCT_NAME = "$(TARGET_NAME)";
			};
			name = Debug;
		};
		B469865E1DAF656300C7E726 /* Release */ = {
			isa = XCBuildConfiguration;
			buildSettings = {
				ASSETCATALOG_COMPILER_APPICON_NAME = AppIcon;
				INFOPLIST_FILE = QMJoyStick/Info.plist;
				LD_RUNPATH_SEARCH_PATHS = "$(inherited) @executable_path/Frameworks";
				PRODUCT_BUNDLE_IDENTIFIER = com.metthew.QMJoyStick;
				PRODUCT_NAME = "$(TARGET_NAME)";
			};
			name = Release;
		};
		B46986601DAF656300C7E726 /* Debug */ = {
			isa = XCBuildConfiguration;
			buildSettings = {
				BUNDLE_LOADER = "$(TEST_HOST)";
				INFOPLIST_FILE = QMJoyStickTests/Info.plist;
				LD_RUNPATH_SEARCH_PATHS = "$(inherited) @executable_path/Frameworks @loader_path/Frameworks";
				PRODUCT_BUNDLE_IDENTIFIER = com.metthew.QMJoyStickTests;
				PRODUCT_NAME = "$(TARGET_NAME)";
				TEST_HOST = "$(BUILT_PRODUCTS_DIR)/QMJoyStick.app/QMJoyStick";
			};
			name = Debug;
		};
		B46986611DAF656300C7E726 /* Release */ = {
			isa = XCBuildConfiguration;
			buildSettings = {
				BUNDLE_LOADER = "$(TEST_HOST)";
				INFOPLIST_FILE = QMJoyStickTests/Info.plist;
				LD_RUNPATH_SEARCH_PATHS = "$(inherited) @executable_path/Frameworks @loader_path/Frameworks";
				PRODUCT_BUNDLE_IDENTIFIER = com.metthew.QMJoyStickTests;
				PRODUCT_NAME = "$(TARGET_NAME)";
				TEST_HOST = "$(BUILT_PRODUCTS_DIR)/QMJoyStick.app/QMJoyStick";
			};
			name = Release;
		};
		B46986631DAF656300C7E726 /* Debug */ = {
			isa = XCBuildConfiguration;
			buildSettings = {
				INFOPLIST_FILE = QMJoyStickUITests/Info.plist;
				LD_RUNPATH_SEARCH_PATHS = "$(inherited) @executable_path/Frameworks @loader_path/Frameworks";
				PRODUCT_BUNDLE_IDENTIFIER = com.metthew.QMJoyStickUITests;
				PRODUCT_NAME = "$(TARGET_NAME)";
				TEST_TARGET_NAME = QMJoyStick;
			};
			name = Debug;
		};
		B46986641DAF656300C7E726 /* Release */ = {
			isa = XCBuildConfiguration;
			buildSettings = {
				INFOPLIST_FILE = QMJoyStickUITests/Info.plist;
				LD_RUNPATH_SEARCH_PATHS = "$(inherited) @executable_path/Frameworks @loader_path/Frameworks";
				PRODUCT_BUNDLE_IDENTIFIER = com.metthew.QMJoyStickUITests;
				PRODUCT_NAME = "$(TARGET_NAME)";
				TEST_TARGET_NAME = QMJoyStick;
			};
			name = Release;
		};
/* End XCBuildConfiguration section */

/* Begin XCConfigurationList section */
		B469862A1DAF656300C7E726 /* Build configuration list for PBXProject "QMJoyStick" */ = {
			isa = XCConfigurationList;
			buildConfigurations = (
				B469865A1DAF656300C7E726 /* Debug */,
				B469865B1DAF656300C7E726 /* Release */,
			);
			defaultConfigurationIsVisible = 0;
			defaultConfigurationName = Release;
		};
		B469865C1DAF656300C7E726 /* Build configuration list for PBXNativeTarget "QMJoyStick" */ = {
			isa = XCConfigurationList;
			buildConfigurations = (
				B469865D1DAF656300C7E726 /* Debug */,
				B469865E1DAF656300C7E726 /* Release */,
			);
			defaultConfigurationIsVisible = 0;
			defaultConfigurationName = Release;
		};
		B469865F1DAF656300C7E726 /* Build configuration list for PBXNativeTarget "QMJoyStickTests" */ = {
			isa = XCConfigurationList;
			buildConfigurations = (
				B46986601DAF656300C7E726 /* Debug */,
				B46986611DAF656300C7E726 /* Release */,
			);
			defaultConfigurationIsVisible = 0;
			defaultConfigurationName = Release;
		};
		B46986621DAF656300C7E726 /* Build configuration list for PBXNativeTarget "QMJoyStickUITests" */ = {
			isa = XCConfigurationList;
			buildConfigurations = (
				B46986631DAF656300C7E726 /* Debug */,
				B46986641DAF656300C7E726 /* Release */,
			);
			defaultConfigurationIsVisible = 0;
			defaultConfigurationName = Release;
		};
/* End XCConfigurationList section */
	};
	rootObject = B46986271DAF656300C7E726 /* Project object */;
}
